
Microsoft Visual Studio Solution File, Format Version 12.00
# Visual Studio Version 16
VisualStudioVersion = 16.0.31410.357
MinimumVisualStudioVersion = 10.0.40219.1
Project("{FAE04EC0-301F-11D3-BF4B-00C04F79EFBC}") = "MathForFun", "MathForFun\MathForFun.csproj", "{BDEF22D4-F8FD-4022-B8F3-13F82EC92977}"
EndProject
Global
	GlobalSection(SolutionConfigurationPlatforms) = preSolution
		Debug|Any CPU = Debug|Any CPU
		Release|Any CPU = Release|Any CPU
	EndGlobalSection
	GlobalSection(ProjectConfigurationPlatforms) = postSolution
		{BDEF22D4-F8FD-4022-B8F3-13F82EC92977}.Debug|Any CPU.ActiveCfg = Debug|Any CPU
		{BDEF22D4-F8FD-4022-B8F3-13F82EC92977}.Debug|Any CPU.Build.0 = Debug|Any CPU
		{BDEF22D4-F8FD-4022-B8F3-13F82EC92977}.Release|Any CPU.ActiveCfg = Release|Any CPU
		{BDEF22D4-F8FD-4022-B8F3-13F82EC92977}.Release|Any CPU.Build.0 = Release|Any CPU
	EndGlobalSection
	GlobalSection(SolutionProperties) = preSolution
		HideSolutionNode = FALSE
	EndGlobalSection
	GlobalSection(ExtensibilityGlobals) = postSolution
		SolutionGuid = {5607DA83-1DE0-4597-A62E-42B297EC9234}
	EndGlobalSection
EndGlobal
